{
  "version": 4,
  "terraform_version": "0.14.11",
  "serial": 3,
  "lineage": "3249ecf7-dd9f-920f-3dad-76cf395aff6b",
  "outputs": {
    "storage_bucket_name": {
      "value": "bsn-reference-backend-bsn-development-plutonium",
      "type": "string"
    }
  },
  "resources": [
    {
      "mode": "data",
      "type": "aws_caller_identity",
      "name": "current",
      "provider": "provider[\"registry.terraform.io/hashicorp/aws\"]",
      "instances": [
        {
          "schema_version": 0,
          "attributes": {
            "account_id": "384010198059",
            "arn": "arn:aws:sts::384010198059:assumed-role/cross-account-admin-role/1620303543574032000",
            "id": "384010198059",
            "user_id": "AROAVS2GKTQV324VKJXHT:1620303543574032000"
          },
          "sensitive_attributes": []
        }
      ]
    },
    {
      "mode": "data",
      "type": "template_file",
      "name": "bucket_policy_template",
      "provider": "provider[\"registry.terraform.io/hashicorp/template\"]",
      "instances": [
        {
          "schema_version": 0,
          "attributes": {
            "filename": null,
            "id": "108b0de813847ff9ece227a115c380b8bc04f68c90cc1ca9a313eea04fe51647",
            "rendered": "{\n  \"Version\": \"2012-10-17\",\n  \"Statement\": [\n    ${deny_unencrypted_object_upload_fragment},\n    ${deny_unencrypted_inflight_operations_fragment},\n    {\n      \"Sid\": \"AllowCrossAccountAccess\",\n      \"Effect\": \"Allow\",\n      \"Action\": [\n        \"s3:ListBucket\",\n        \"s3:GetObject\"\n      ],\n      \"Principal\": {\n        \"AWS\": [\"384010198059\"]\n      },\n      \"Resource\": [\n        \"arn:aws:s3:::${bucket_name}\",\n        \"arn:aws:s3:::${bucket_name}/*\"\n      ]\n    }\n  ]\n}",
            "template": "{\n  \"Version\": \"2012-10-17\",\n  \"Statement\": [\n    $${deny_unencrypted_object_upload_fragment},\n    $${deny_unencrypted_inflight_operations_fragment},\n    {\n      \"Sid\": \"AllowCrossAccountAccess\",\n      \"Effect\": \"Allow\",\n      \"Action\": [\n        \"s3:ListBucket\",\n        \"s3:GetObject\"\n      ],\n      \"Principal\": {\n        \"AWS\": ${allowed_account_ids}\n      },\n      \"Resource\": [\n        \"arn:aws:s3:::$${bucket_name}\",\n        \"arn:aws:s3:::$${bucket_name}/*\"\n      ]\n    }\n  ]\n}",
            "vars": {
              "allowed_account_ids": "[\"384010198059\"]"
            }
          },
          "sensitive_attributes": []
        }
      ]
    },
    {
      "module": "module.storage_bucket",
      "mode": "data",
      "type": "template_file",
      "name": "deny_unencrypted_inflight_operations_fragment",
      "provider": "provider[\"registry.terraform.io/hashicorp/template\"]",
      "instances": [
        {
          "schema_version": 0,
          "attributes": {
            "filename": null,
            "id": "8cb9e9fa0d3584552ab1b25b8ef81ee01f0a665f8321c1a92757a54f5500a80d",
            "rendered": "{\n  \"Sid\": \"DenyUnEncryptedInflightOperations\",\n  \"Effect\": \"Deny\",\n  \"Action\": [\"s3:*\"],\n  \"Resource\": [\"arn:aws:s3:::bsn-reference-backend-bsn-development-plutonium/*\"],\n\n  \"Condition\": {\n    \"Bool\": {\n        \"aws:SecureTransport\": \"false\"\n    }\n  },\n\n  \"Principal\": \"*\"\n}",
            "template": "{\n  \"Sid\": \"DenyUnEncryptedInflightOperations\",\n  \"Effect\": \"Deny\",\n  \"Action\": [\"s3:*\"],\n  \"Resource\": [\"arn:aws:s3:::${bucket_name}/*\"],\n\n  \"Condition\": {\n    \"Bool\": {\n        \"aws:SecureTransport\": \"false\"\n    }\n  },\n\n  \"Principal\": \"*\"\n}",
            "vars": {
              "bucket_name": "bsn-reference-backend-bsn-development-plutonium"
            }
          },
          "sensitive_attributes": []
        }
      ]
    },
    {
      "module": "module.storage_bucket",
      "mode": "data",
      "type": "template_file",
      "name": "deny_unencrypted_object_uploads_fragment",
      "provider": "provider[\"registry.terraform.io/hashicorp/template\"]",
      "instances": [
        {
          "schema_version": 0,
          "attributes": {
            "filename": null,
            "id": "c7b2f9fc56462a4778d0391e67bbeed96326f542bc78c08defd206a69591cc4c",
            "rendered": "{\n  \"Sid\": \"DenyUnEncryptedObjectUploads\",\n  \"Effect\": \"Deny\",\n  \"Action\": [\"s3:PutObject\"],\n  \"Resource\": [\"arn:aws:s3:::bsn-reference-backend-bsn-development-plutonium/*\"],\n\n  \"Condition\": {\n    \"StringNotEquals\": {\n        \"s3:x-amz-server-side-encryption\": \"AES256\"\n    }\n  },\n\n  \"Principal\": \"*\"\n}",
            "template": "{\n  \"Sid\": \"DenyUnEncryptedObjectUploads\",\n  \"Effect\": \"Deny\",\n  \"Action\": [\"s3:PutObject\"],\n  \"Resource\": [\"arn:aws:s3:::${bucket_name}/*\"],\n\n  \"Condition\": {\n    \"StringNotEquals\": {\n        \"s3:x-amz-server-side-encryption\": \"AES256\"\n    }\n  },\n\n  \"Principal\": \"*\"\n}",
            "vars": {
              "bucket_name": "bsn-reference-backend-bsn-development-plutonium"
            }
          },
          "sensitive_attributes": []
        }
      ]
    },
    {
      "module": "module.storage_bucket",
      "mode": "data",
      "type": "template_file",
      "name": "encrypted_bucket_policy",
      "provider": "provider[\"registry.terraform.io/hashicorp/template\"]",
      "instances": [
        {
          "schema_version": 0,
          "attributes": {
            "filename": null,
            "id": "524d2f95c4af6949803de8b52ad6bdc18ad07ecc0d96f3807feb3cc0805aa94a",
            "rendered": "{\n  \"Version\": \"2012-10-17\",\n  \"Statement\": [\n    {\n  \"Sid\": \"DenyUnEncryptedObjectUploads\",\n  \"Effect\": \"Deny\",\n  \"Action\": [\"s3:PutObject\"],\n  \"Resource\": [\"arn:aws:s3:::bsn-reference-backend-bsn-development-plutonium/*\"],\n\n  \"Condition\": {\n    \"StringNotEquals\": {\n        \"s3:x-amz-server-side-encryption\": \"AES256\"\n    }\n  },\n\n  \"Principal\": \"*\"\n},\n    {\n  \"Sid\": \"DenyUnEncryptedInflightOperations\",\n  \"Effect\": \"Deny\",\n  \"Action\": [\"s3:*\"],\n  \"Resource\": [\"arn:aws:s3:::bsn-reference-backend-bsn-development-plutonium/*\"],\n\n  \"Condition\": {\n    \"Bool\": {\n        \"aws:SecureTransport\": \"false\"\n    }\n  },\n\n  \"Principal\": \"*\"\n},\n    {\n      \"Sid\": \"AllowCrossAccountAccess\",\n      \"Effect\": \"Allow\",\n      \"Action\": [\n        \"s3:ListBucket\",\n        \"s3:GetObject\"\n      ],\n      \"Principal\": {\n        \"AWS\": [\"384010198059\"]\n      },\n      \"Resource\": [\n        \"arn:aws:s3:::bsn-reference-backend-bsn-development-plutonium\",\n        \"arn:aws:s3:::bsn-reference-backend-bsn-development-plutonium/*\"\n      ]\n    }\n  ]\n}",
            "template": "{\n  \"Version\": \"2012-10-17\",\n  \"Statement\": [\n    ${deny_unencrypted_object_upload_fragment},\n    ${deny_unencrypted_inflight_operations_fragment},\n    {\n      \"Sid\": \"AllowCrossAccountAccess\",\n      \"Effect\": \"Allow\",\n      \"Action\": [\n        \"s3:ListBucket\",\n        \"s3:GetObject\"\n      ],\n      \"Principal\": {\n        \"AWS\": [\"384010198059\"]\n      },\n      \"Resource\": [\n        \"arn:aws:s3:::${bucket_name}\",\n        \"arn:aws:s3:::${bucket_name}/*\"\n      ]\n    }\n  ]\n}",
            "vars": {
              "bucket_name": "bsn-reference-backend-bsn-development-plutonium",
              "deny_unencrypted_inflight_operations_fragment": "{\n  \"Sid\": \"DenyUnEncryptedInflightOperations\",\n  \"Effect\": \"Deny\",\n  \"Action\": [\"s3:*\"],\n  \"Resource\": [\"arn:aws:s3:::bsn-reference-backend-bsn-development-plutonium/*\"],\n\n  \"Condition\": {\n    \"Bool\": {\n        \"aws:SecureTransport\": \"false\"\n    }\n  },\n\n  \"Principal\": \"*\"\n}",
              "deny_unencrypted_object_upload_fragment": "{\n  \"Sid\": \"DenyUnEncryptedObjectUploads\",\n  \"Effect\": \"Deny\",\n  \"Action\": [\"s3:PutObject\"],\n  \"Resource\": [\"arn:aws:s3:::bsn-reference-backend-bsn-development-plutonium/*\"],\n\n  \"Condition\": {\n    \"StringNotEquals\": {\n        \"s3:x-amz-server-side-encryption\": \"AES256\"\n    }\n  },\n\n  \"Principal\": \"*\"\n}"
            }
          },
          "sensitive_attributes": []
        }
      ]
    },
    {
      "module": "module.storage_bucket",
      "mode": "managed",
      "type": "aws_s3_bucket",
      "name": "encrypted_bucket",
      "provider": "provider[\"registry.terraform.io/hashicorp/aws\"]",
      "instances": [
        {
          "schema_version": 0,
          "attributes": {
            "acceleration_status": "",
            "acl": "private",
            "arn": "arn:aws:s3:::bsn-reference-backend-bsn-development-plutonium",
            "bucket": "bsn-reference-backend-bsn-development-plutonium",
            "bucket_domain_name": "bsn-reference-backend-bsn-development-plutonium.s3.amazonaws.com",
            "bucket_prefix": null,
            "bucket_regional_domain_name": "bsn-reference-backend-bsn-development-plutonium.s3.eu-west-2.amazonaws.com",
            "cors_rule": [],
            "force_destroy": false,
            "grant": [],
            "hosted_zone_id": "Z3GKZC51ZF0DB4",
            "id": "bsn-reference-backend-bsn-development-plutonium",
            "lifecycle_rule": [],
            "logging": [],
            "object_lock_configuration": [],
            "policy": null,
            "region": "eu-west-2",
            "replication_configuration": [],
            "request_payer": "BucketOwner",
            "server_side_encryption_configuration": [],
            "tags": {
              "DeploymentIdentifier": "bsn-development-plutonium",
              "DeploymentLabel": "plutonium",
              "DeploymentType": "bsn-development",
              "Name": "bsn-reference-backend-bsn-development-plutonium"
            },
            "tags_all": {
              "DeploymentIdentifier": "bsn-development-plutonium",
              "DeploymentLabel": "plutonium",
              "DeploymentType": "bsn-development",
              "Name": "bsn-reference-backend-bsn-development-plutonium"
            },
            "versioning": [
              {
                "enabled": true,
                "mfa_delete": false
              }
            ],
            "website": [],
            "website_domain": null,
            "website_endpoint": null
          },
          "sensitive_attributes": [],
          "private": "bnVsbA=="
        }
      ]
    },
    {
      "module": "module.storage_bucket",
      "mode": "managed",
      "type": "aws_s3_bucket_policy",
      "name": "encrypted_bucket",
      "provider": "provider[\"registry.terraform.io/hashicorp/aws\"]",
      "instances": [
        {
          "schema_version": 0,
          "attributes": {
            "bucket": "bsn-reference-backend-bsn-development-plutonium",
            "id": "bsn-reference-backend-bsn-development-plutonium",
            "policy": "{\n  \"Version\": \"2012-10-17\",\n  \"Statement\": [\n    {\n  \"Sid\": \"DenyUnEncryptedObjectUploads\",\n  \"Effect\": \"Deny\",\n  \"Action\": [\"s3:PutObject\"],\n  \"Resource\": [\"arn:aws:s3:::bsn-reference-backend-bsn-development-plutonium/*\"],\n\n  \"Condition\": {\n    \"StringNotEquals\": {\n        \"s3:x-amz-server-side-encryption\": \"AES256\"\n    }\n  },\n\n  \"Principal\": \"*\"\n},\n    {\n  \"Sid\": \"DenyUnEncryptedInflightOperations\",\n  \"Effect\": \"Deny\",\n  \"Action\": [\"s3:*\"],\n  \"Resource\": [\"arn:aws:s3:::bsn-reference-backend-bsn-development-plutonium/*\"],\n\n  \"Condition\": {\n    \"Bool\": {\n        \"aws:SecureTransport\": \"false\"\n    }\n  },\n\n  \"Principal\": \"*\"\n},\n    {\n      \"Sid\": \"AllowCrossAccountAccess\",\n      \"Effect\": \"Allow\",\n      \"Action\": [\n        \"s3:ListBucket\",\n        \"s3:GetObject\"\n      ],\n      \"Principal\": {\n        \"AWS\": [\"384010198059\"]\n      },\n      \"Resource\": [\n        \"arn:aws:s3:::bsn-reference-backend-bsn-development-plutonium\",\n        \"arn:aws:s3:::bsn-reference-backend-bsn-development-plutonium/*\"\n      ]\n    }\n  ]\n}"
          },
          "sensitive_attributes": [],
          "private": "bnVsbA==",
          "dependencies": [
            "module.storage_bucket.aws_s3_bucket.encrypted_bucket",
            "module.storage_bucket.data.template_file.encrypted_bucket_policy"
          ]
        }
      ]
    }
  ]
}
